{
  "version": 4,
  "terraform_version": "0.14.6",
  "serial": 26,
  "lineage": "ad3f58f1-1711-c0e7-9b1b-0f1c7a1831f4",
  "outputs": {},
  "resources": [
    {
      "mode": "data",
      "type": "google_service_account",
      "name": "gke_sa",
      "provider": "provider[\"registry.terraform.io/hashicorp/google\"]",
      "instances": [
        {
          "schema_version": 0,
          "attributes": {
            "account_id": "gke-admin-sa",
            "display_name": "gke-admin-sa",
            "email": "gke-admin-sa@nv-avtx-01.iam.gserviceaccount.com",
            "id": "projects/nv-avtx-01/serviceAccounts/gke-admin-sa@nv-avtx-01.iam.gserviceaccount.com",
            "name": "projects/nv-avtx-01/serviceAccounts/gke-admin-sa@nv-avtx-01.iam.gserviceaccount.com",
            "project": "nv-avtx-01",
            "unique_id": "103845182677176964095"
          },
          "sensitive_attributes": []
        }
      ]
    },
    {
      "mode": "managed",
      "type": "google_compute_network",
      "name": "gke_vpc",
      "provider": "provider[\"registry.terraform.io/hashicorp/google\"]",
      "instances": [
        {
          "schema_version": 0,
          "attributes": {
            "auto_create_subnetworks": false,
            "delete_default_routes_on_create": false,
            "description": "",
            "gateway_ipv4": "",
            "id": "projects/nv-avtx-01/global/networks/gke-gotham-vpc",
            "mtu": 0,
            "name": "gke-gotham-vpc",
            "project": "nv-avtx-01",
            "routing_mode": "REGIONAL",
            "self_link": "https://www.googleapis.com/compute/v1/projects/nv-avtx-01/global/networks/gke-gotham-vpc",
            "timeouts": null
          },
          "sensitive_attributes": [],
          "private": "eyJlMmJmYjczMC1lY2FhLTExZTYtOGY4OC0zNDM2M2JjN2M0YzAiOnsiY3JlYXRlIjoyNDAwMDAwMDAwMDAsImRlbGV0ZSI6MjQwMDAwMDAwMDAwLCJ1cGRhdGUiOjI0MDAwMDAwMDAwMH19"
        }
      ]
    },
    {
      "mode": "managed",
      "type": "google_compute_subnetwork",
      "name": "node_subnet",
      "provider": "provider[\"registry.terraform.io/hashicorp/google\"]",
      "instances": [
        {
          "schema_version": 0,
          "attributes": {
            "creation_timestamp": "2021-02-14T01:28:24.421-08:00",
            "description": "",
            "fingerprint": null,
            "gateway_address": "10.121.0.1",
            "id": "projects/nv-avtx-01/regions/us-central1/subnetworks/gke-subnet-usc1",
            "ip_cidr_range": "10.121.0.0/16",
            "log_config": [],
            "name": "gke-subnet-usc1",
            "network": "https://www.googleapis.com/compute/v1/projects/nv-avtx-01/global/networks/gke-gotham-vpc",
            "private_ip_google_access": false,
            "private_ipv6_google_access": "DISABLE_GOOGLE_ACCESS",
            "project": "nv-avtx-01",
            "region": "us-central1",
            "secondary_ip_range": [],
            "self_link": "https://www.googleapis.com/compute/v1/projects/nv-avtx-01/regions/us-central1/subnetworks/gke-subnet-usc1",
            "timeouts": null
          },
          "sensitive_attributes": [],
          "private": "eyJlMmJmYjczMC1lY2FhLTExZTYtOGY4OC0zNDM2M2JjN2M0YzAiOnsiY3JlYXRlIjozNjAwMDAwMDAwMDAsImRlbGV0ZSI6MzYwMDAwMDAwMDAwLCJ1cGRhdGUiOjM2MDAwMDAwMDAwMH19",
          "dependencies": [
            "google_compute_network.gke_vpc"
          ]
        }
      ]
    },
    {
      "mode": "managed",
      "type": "google_container_cluster",
      "name": "vpc_native_cluster",
      "provider": "provider[\"registry.terraform.io/hashicorp/google\"]",
      "instances": [
        {
          "schema_version": 1,
          "attributes": {
            "addons_config": [
              {
                "cloudrun_config": [],
                "horizontal_pod_autoscaling": [],
                "http_load_balancing": [],
                "network_policy_config": [
                  {
                    "disabled": true
                  }
                ]
              }
            ],
            "authenticator_groups_config": [],
            "cluster_autoscaling": [
              {
                "auto_provisioning_defaults": [],
                "enabled": false,
                "resource_limits": []
              }
            ],
            "cluster_ipv4_cidr": "10.105.0.0/16",
            "database_encryption": [
              {
                "key_name": "",
                "state": "DECRYPTED"
              }
            ],
            "datapath_provider": "",
            "default_max_pods_per_node": 110,
            "default_snat_status": [
              {
                "disabled": false
              }
            ],
            "description": "",
            "enable_binary_authorization": false,
            "enable_intranode_visibility": false,
            "enable_kubernetes_alpha": false,
            "enable_legacy_abac": false,
            "enable_shielded_nodes": false,
            "enable_tpu": false,
            "endpoint": "35.226.178.232",
            "id": "projects/nv-avtx-01/locations/us-central1-a/clusters/gotham",
            "initial_node_count": 2,
            "instance_group_urls": [
              "https://www.googleapis.com/compute/v1/projects/nv-avtx-01/zones/us-central1-a/instanceGroups/gke-gotham-default-pool-e2904ab0-grp"
            ],
            "ip_allocation_policy": [
              {
                "cluster_ipv4_cidr_block": "10.105.0.0/16",
                "cluster_secondary_range_name": "gke-gotham-pods-f8bf6b8e",
                "services_ipv4_cidr_block": "10.106.0.0/22",
                "services_secondary_range_name": "gke-gotham-services-f8bf6b8e"
              }
            ],
            "label_fingerprint": "a9dc16a7",
            "location": "us-central1-a",
            "logging_service": "logging.googleapis.com/kubernetes",
            "maintenance_policy": [],
            "master_auth": [
              {
                "client_certificate": "",
                "client_certificate_config": [
                  {
                    "issue_client_certificate": false
                  }
                ],
                "client_key": "",
                "cluster_ca_certificate": "LS0tLS1CRUdJTiBDRVJUSUZJQ0FURS0tLS0tCk1JSURLakNDQWhLZ0F3SUJBZ0lRRUZVRDhqbUs4dnlZTWxIdGc4d2ViakFOQmdrcWhraUc5dzBCQVFzRkFEQXYKTVMwd0t3WURWUVFERXlSbU9ETTRaR1ZtWWkxa056STBMVFE1TjJVdFlUTXlNaTB3TldKaU16a3lZVGsxTlRVdwpIaGNOTWpFd01qRTBNRGd5T0RNMVdoY05Nall3TWpFek1Ea3lPRE0xV2pBdk1TMHdLd1lEVlFRREV5Um1PRE00ClpHVm1ZaTFrTnpJMExUUTVOMlV0WVRNeU1pMHdOV0ppTXpreVlUazFOVFV3Z2dFaU1BMEdDU3FHU0liM0RRRUIKQVFVQUE0SUJEd0F3Z2dFS0FvSUJBUURaN1crK25qeE1UUHR6MjI1aHZ0Tkd2M0ozRVVUTEczRldyMklWRStwWgpjKzIyQi8wYTRmR1N1UUQ1UWVtNEdEUFVpaTg4VHVHOGM3YlBGM1VrS1FVNzVocHNjbkpOdTVRdE95V3ZON1JsCkljeFpiVUlOSnF2YVpXeUdNS0dJQnc4M2pUaTF5ZjBxM1RnQ1IvaUJOcGZFV0IyS0J6aGNyb3hBRXhId1R6R24KWDBIMGxNREFxeVdBNkFKSk1rVU9FQ1RuK1lmTE9neGEyTXBGaHlDZEtkdDVXMmd1ckhZMHNqK05CcnJBcElVRwppakhLMTRISm5XWVNTSmJzNU5TanJHWG1TeG9FQUdKYUdsTzA3VTU1NHdjOExWR3VPQ3h2NEVINnBKNHZIYWhoClg5bUJVK3pCdTVmaFhtOXZpYm5pVVNnMEwvVGRNSVRONUh4RGRxTUMyeHRqQWdNQkFBR2pRakJBTUE0R0ExVWQKRHdFQi93UUVBd0lDQkRBUEJnTlZIUk1CQWY4RUJUQURBUUgvTUIwR0ExVWREZ1FXQkJUNXVNbXFucG1LM2VMWApGMUxIQk45b2g4YXE2VEFOQmdrcWhraUc5dzBCQVFzRkFBT0NBUUVBMGFRamtOOVNDTENmdHl0VUdFMHk4eWw5CmhHbmkydytnRnM5Z1hVVUtzNDlRNXo5NGJiTTVkOUdaWGtjOXhkMU5iTkt6b2VpT3M2UTlidDNsaDhSUjN6emgKNTJWRjdTc2FvYndSYzIrNEhQclMwclZYYTk5eGlVSEJ2R0lFUjFYaHFXZUxwUFNWaDlYU3Y0Qkt4cFlBdEJyVgpZSURUd1VNaUZQYlZBSUFRR3k4czlyb2o3eUZyZjVPTnRVVXBWUm5YaUQwbDU1eS9lU0xKV2FYUzVRRjZtUXhjCk9qaW13R0QzV1hXM0VrTERwSlVPSTJBNVNvcytTMkRYbjdZaExCd0xJcWFLbGtnc2RBWXcwblllckdna2Z4T2QKMUlBMnpVUnJ6YU1ETEVyVDFYM0dzNkVpKzFRT21UaVcxRkNsMUZyY0xld28zL29LVlRBOEd1TThmRzRrQ3c9PQotLS0tLUVORCBDRVJUSUZJQ0FURS0tLS0tCg==",
                "password": "",
                "username": ""
              }
            ],
            "master_authorized_networks_config": [],
            "master_version": "1.17.14-gke.1600",
            "min_master_version": null,
            "monitoring_service": "monitoring.googleapis.com/kubernetes",
            "name": "gotham",
            "network": "projects/nv-avtx-01/global/networks/gke-gotham-vpc",
            "network_policy": [
              {
                "enabled": false,
                "provider": "PROVIDER_UNSPECIFIED"
              }
            ],
            "node_config": [
              {
                "disk_size_gb": 100,
                "disk_type": "pd-standard",
                "guest_accelerator": [],
                "image_type": "COS",
                "labels": {},
                "local_ssd_count": 0,
                "machine_type": "e2-medium",
                "metadata": {
                  "disable-legacy-endpoints": "true"
                },
                "min_cpu_platform": "",
                "oauth_scopes": [
                  "https://www.googleapis.com/auth/logging.write",
                  "https://www.googleapis.com/auth/monitoring"
                ],
                "preemptible": true,
                "service_account": "gke-admin-sa@nv-avtx-01.iam.gserviceaccount.com",
                "shielded_instance_config": [
                  {
                    "enable_integrity_monitoring": true,
                    "enable_secure_boot": false
                  }
                ],
                "tags": null,
                "taint": [],
                "workload_metadata_config": []
              }
            ],
            "node_locations": [],
            "node_pool": [
              {
                "autoscaling": [],
                "initial_node_count": 2,
                "instance_group_urls": [
                  "https://www.googleapis.com/compute/v1/projects/nv-avtx-01/zones/us-central1-a/instanceGroupManagers/gke-gotham-default-pool-e2904ab0-grp"
                ],
                "management": [
                  {
                    "auto_repair": true,
                    "auto_upgrade": true
                  }
                ],
                "max_pods_per_node": 110,
                "name": "default-pool",
                "name_prefix": "",
                "node_config": [
                  {
                    "disk_size_gb": 100,
                    "disk_type": "pd-standard",
                    "guest_accelerator": [],
                    "image_type": "COS",
                    "labels": {},
                    "local_ssd_count": 0,
                    "machine_type": "e2-medium",
                    "metadata": {
                      "disable-legacy-endpoints": "true"
                    },
                    "min_cpu_platform": "",
                    "oauth_scopes": [
                      "https://www.googleapis.com/auth/logging.write",
                      "https://www.googleapis.com/auth/monitoring"
                    ],
                    "preemptible": true,
                    "service_account": "gke-admin-sa@nv-avtx-01.iam.gserviceaccount.com",
                    "shielded_instance_config": [
                      {
                        "enable_integrity_monitoring": true,
                        "enable_secure_boot": false
                      }
                    ],
                    "tags": [],
                    "taint": [],
                    "workload_metadata_config": []
                  }
                ],
                "node_count": 2,
                "node_locations": [
                  "us-central1-a"
                ],
                "upgrade_settings": [
                  {
                    "max_surge": 1,
                    "max_unavailable": 0
                  }
                ],
                "version": "1.17.14-gke.1600"
              }
            ],
            "node_version": "1.17.14-gke.1600",
            "operation": null,
            "pod_security_policy_config": [],
            "private_cluster_config": [
              {
                "enable_private_endpoint": false,
                "enable_private_nodes": true,
                "master_global_access_config": [
                  {
                    "enabled": true
                  }
                ],
                "master_ipv4_cidr_block": "192.168.12.0/28",
                "peering_name": "gke-ndfdbedc964b3e1a9770-86a7-1783-peer",
                "private_endpoint": "192.168.12.2",
                "public_endpoint": "35.226.178.232"
              }
            ],
            "project": "nv-avtx-01",
            "release_channel": [
              {
                "channel": "REGULAR"
              }
            ],
            "remove_default_node_pool": null,
            "resource_labels": null,
            "resource_usage_export_config": [],
            "self_link": "https://container.googleapis.com/v1beta1/projects/nv-avtx-01/zones/us-central1-a/clusters/gotham",
            "services_ipv4_cidr": "10.106.0.0/22",
            "subnetwork": "projects/nv-avtx-01/regions/us-central1/subnetworks/gke-subnet-usc1",
            "timeouts": null,
            "tpu_ipv4_cidr_block": "",
            "vertical_pod_autoscaling": [],
            "workload_identity_config": []
          },
          "sensitive_attributes": [],
          "private": "eyJlMmJmYjczMC1lY2FhLTExZTYtOGY4OC0zNDM2M2JjN2M0YzAiOnsiY3JlYXRlIjoyNDAwMDAwMDAwMDAwLCJkZWxldGUiOjI0MDAwMDAwMDAwMDAsInJlYWQiOjI0MDAwMDAwMDAwMDAsInVwZGF0ZSI6MzYwMDAwMDAwMDAwMH0sInNjaGVtYV92ZXJzaW9uIjoiMSJ9",
          "dependencies": [
            "data.google_service_account.gke_sa",
            "google_compute_network.gke_vpc",
            "google_compute_subnetwork.node_subnet"
          ]
        }
      ]
    }
  ]
}
